
Microsoft Visual Studio Solution File, Format Version 12.00
# 
Project("{FAE04EC0-301F-11D3-BF4B-00C04F79EFBC}") = "Encryption", "Encryption\Encryption.csproj", "{650D3D69-A449-4FDE-8765-DD991651552F}"
EndProject
Project("{FAE04EC0-301F-11D3-BF4B-00C04F79EFBC}") = "FileManager", "FileManager\FileManager.csproj", "{00E3D8D1-F170-498D-A2AA-8CC27B597A14}"
EndProject
Project("{FAE04EC0-301F-11D3-BF4B-00C04F79EFBC}") = "ObjectJsonConverter", "ObjectJsonConverter\ObjectJsonConverter.csproj", "{7B43A065-4BE3-4982-93F4-BD72C20586B6}"
EndProject
Global
	GlobalSection(SolutionConfigurationPlatforms) = preSolution
		Debug|Any CPU = Debug|Any CPU
		Release|Any CPU = Release|Any CPU
	EndGlobalSection
	GlobalSection(ProjectConfigurationPlatforms) = postSolution
		{650D3D69-A449-4FDE-8765-DD991651552F}.Debug|Any CPU.ActiveCfg = Debug|Any CPU
		{650D3D69-A449-4FDE-8765-DD991651552F}.Debug|Any CPU.Build.0 = Debug|Any CPU
		{650D3D69-A449-4FDE-8765-DD991651552F}.Release|Any CPU.ActiveCfg = Release|Any CPU
		{650D3D69-A449-4FDE-8765-DD991651552F}.Release|Any CPU.Build.0 = Release|Any CPU
		{00E3D8D1-F170-498D-A2AA-8CC27B597A14}.Debug|Any CPU.ActiveCfg = Debug|Any CPU
		{00E3D8D1-F170-498D-A2AA-8CC27B597A14}.Debug|Any CPU.Build.0 = Debug|Any CPU
		{00E3D8D1-F170-498D-A2AA-8CC27B597A14}.Release|Any CPU.ActiveCfg = Release|Any CPU
		{00E3D8D1-F170-498D-A2AA-8CC27B597A14}.Release|Any CPU.Build.0 = Release|Any CPU
		{7B43A065-4BE3-4982-93F4-BD72C20586B6}.Debug|Any CPU.ActiveCfg = Debug|Any CPU
		{7B43A065-4BE3-4982-93F4-BD72C20586B6}.Debug|Any CPU.Build.0 = Debug|Any CPU
		{7B43A065-4BE3-4982-93F4-BD72C20586B6}.Release|Any CPU.ActiveCfg = Release|Any CPU
		{7B43A065-4BE3-4982-93F4-BD72C20586B6}.Release|Any CPU.Build.0 = Release|Any CPU
	EndGlobalSection
EndGlobal
