
Microsoft Visual Studio Solution File, Format Version 12.00
Project("{FAE04EC0-301F-11D3-BF4B-00C04F79EFBC}") = "PassPhraseEncrypter", "PassPhraseEncrypter.csproj", "{ABD5AEDA-9CB1-4D9D-9D95-55C024ACA337}"
EndProject
Global
	GlobalSection(SolutionConfigurationPlatforms) = preSolution
		Debug|Any CPU = Debug|Any CPU
		Release|Any CPU = Release|Any CPU
	EndGlobalSection
	GlobalSection(ProjectConfigurationPlatforms) = postSolution
		{ABD5AEDA-9CB1-4D9D-9D95-55C024ACA337}.Debug|Any CPU.ActiveCfg = Debug|Any CPU
		{ABD5AEDA-9CB1-4D9D-9D95-55C024ACA337}.Debug|Any CPU.Build.0 = Debug|Any CPU
		{ABD5AEDA-9CB1-4D9D-9D95-55C024ACA337}.Release|Any CPU.ActiveCfg = Release|Any CPU
		{ABD5AEDA-9CB1-4D9D-9D95-55C024ACA337}.Release|Any CPU.Build.0 = Release|Any CPU
	EndGlobalSection
EndGlobal
